
Microsoft Visual Studio Solution File, Format Version 12.00
# Visual Studio 14
VisualStudioVersion = 14.0.25420.1
MinimumVisualStudioVersion = 10.0.40219.1
Project("{8BC9CEB8-8B4A-11D0-8D11-00A0C91BC942}") = "vmulticlient", "client\vmulticlient.vcxproj", "{B01FAB2C-8281-4CAE-A3E6-11D7B5B33625}"
EndProject
Project("{8BC9CEB8-8B4A-11D0-8D11-00A0C91BC942}") = "testvmulti", "test\testvmulti.vcxproj", "{9FA7B417-7BBB-4BA7-BD8C-95D8D1703906}"
EndProject
Project("{8BC9CEB8-8B4A-11D0-8D11-00A0C91BC942}") = "vmultidriver", "sys\vmultidriver.vcxproj", "{41DFDD0B-5604-4994-ABCC-C2B270BF0FD2}"
EndProject
Project("{8BC9CEB8-8B4A-11D0-8D11-00A0C91BC942}") = "vmultipackage", "vmultipackage\vmultipackage.vcxproj", "{7EE45B6A-F23C-4137-A569-FD10E511D413}"
EndProject
Global
	GlobalSection(SolutionConfigurationPlatforms) = preSolution
		Debug|ARM = Debug|ARM
		Debug|ARM64 = Debug|ARM64
		Debug|x64 = Debug|x64
		Debug|x86 = Debug|x86
		Release|ARM = Release|ARM
		Release|ARM64 = Release|ARM64
		Release|x64 = Release|x64
		Release|x86 = Release|x86
	EndGlobalSection
	GlobalSection(ProjectConfigurationPlatforms) = postSolution
		{B01FAB2C-8281-4CAE-A3E6-11D7B5B33625}.Debug|ARM.ActiveCfg = Debug|Win32
		{B01FAB2C-8281-4CAE-A3E6-11D7B5B33625}.Debug|ARM64.ActiveCfg = Debug|Win32
		{B01FAB2C-8281-4CAE-A3E6-11D7B5B33625}.Debug|x64.ActiveCfg = Debug|x64
		{B01FAB2C-8281-4CAE-A3E6-11D7B5B33625}.Debug|x64.Build.0 = Debug|x64
		{B01FAB2C-8281-4CAE-A3E6-11D7B5B33625}.Debug|x86.ActiveCfg = Debug|Win32
		{B01FAB2C-8281-4CAE-A3E6-11D7B5B33625}.Debug|x86.Build.0 = Debug|Win32
		{B01FAB2C-8281-4CAE-A3E6-11D7B5B33625}.Release|ARM.ActiveCfg = Release|Win32
		{B01FAB2C-8281-4CAE-A3E6-11D7B5B33625}.Release|ARM64.ActiveCfg = Release|Win32
		{B01FAB2C-8281-4CAE-A3E6-11D7B5B33625}.Release|x64.ActiveCfg = Release|x64
		{B01FAB2C-8281-4CAE-A3E6-11D7B5B33625}.Release|x64.Build.0 = Release|x64
		{B01FAB2C-8281-4CAE-A3E6-11D7B5B33625}.Release|x86.ActiveCfg = Release|Win32
		{B01FAB2C-8281-4CAE-A3E6-11D7B5B33625}.Release|x86.Build.0 = Release|Win32
		{9FA7B417-7BBB-4BA7-BD8C-95D8D1703906}.Debug|ARM.ActiveCfg = Debug|Win32
		{9FA7B417-7BBB-4BA7-BD8C-95D8D1703906}.Debug|ARM64.ActiveCfg = Debug|Win32
		{9FA7B417-7BBB-4BA7-BD8C-95D8D1703906}.Debug|x64.ActiveCfg = Debug|x64
		{9FA7B417-7BBB-4BA7-BD8C-95D8D1703906}.Debug|x64.Build.0 = Debug|x64
		{9FA7B417-7BBB-4BA7-BD8C-95D8D1703906}.Debug|x86.ActiveCfg = Debug|Win32
		{9FA7B417-7BBB-4BA7-BD8C-95D8D1703906}.Debug|x86.Build.0 = Debug|Win32
		{9FA7B417-7BBB-4BA7-BD8C-95D8D1703906}.Release|ARM.ActiveCfg = Release|Win32
		{9FA7B417-7BBB-4BA7-BD8C-95D8D1703906}.Release|ARM64.ActiveCfg = Release|Win32
		{9FA7B417-7BBB-4BA7-BD8C-95D8D1703906}.Release|x64.ActiveCfg = Release|x64
		{9FA7B417-7BBB-4BA7-BD8C-95D8D1703906}.Release|x64.Build.0 = Release|x64
		{9FA7B417-7BBB-4BA7-BD8C-95D8D1703906}.Release|x86.ActiveCfg = Release|Win32
		{9FA7B417-7BBB-4BA7-BD8C-95D8D1703906}.Release|x86.Build.0 = Release|Win32
		{41DFDD0B-5604-4994-ABCC-C2B270BF0FD2}.Debug|ARM.ActiveCfg = Debug|ARM
		{41DFDD0B-5604-4994-ABCC-C2B270BF0FD2}.Debug|ARM.Build.0 = Debug|ARM
		{41DFDD0B-5604-4994-ABCC-C2B270BF0FD2}.Debug|ARM.Deploy.0 = Debug|ARM
		{41DFDD0B-5604-4994-ABCC-C2B270BF0FD2}.Debug|ARM64.ActiveCfg = Debug|ARM64
		{41DFDD0B-5604-4994-ABCC-C2B270BF0FD2}.Debug|ARM64.Build.0 = Debug|ARM64
		{41DFDD0B-5604-4994-ABCC-C2B270BF0FD2}.Debug|ARM64.Deploy.0 = Debug|ARM64
		{41DFDD0B-5604-4994-ABCC-C2B270BF0FD2}.Debug|x64.ActiveCfg = Debug|x64
		{41DFDD0B-5604-4994-ABCC-C2B270BF0FD2}.Debug|x64.Build.0 = Debug|x64
		{41DFDD0B-5604-4994-ABCC-C2B270BF0FD2}.Debug|x64.Deploy.0 = Debug|x64
		{41DFDD0B-5604-4994-ABCC-C2B270BF0FD2}.Debug|x86.ActiveCfg = Debug|Win32
		{41DFDD0B-5604-4994-ABCC-C2B270BF0FD2}.Debug|x86.Build.0 = Debug|Win32
		{41DFDD0B-5604-4994-ABCC-C2B270BF0FD2}.Debug|x86.Deploy.0 = Debug|Win32
		{41DFDD0B-5604-4994-ABCC-C2B270BF0FD2}.Release|ARM.ActiveCfg = Release|ARM
		{41DFDD0B-5604-4994-ABCC-C2B270BF0FD2}.Release|ARM.Build.0 = Release|ARM
		{41DFDD0B-5604-4994-ABCC-C2B270BF0FD2}.Release|ARM.Deploy.0 = Release|ARM
		{41DFDD0B-5604-4994-ABCC-C2B270BF0FD2}.Release|ARM64.ActiveCfg = Release|ARM64
		{41DFDD0B-5604-4994-ABCC-C2B270BF0FD2}.Release|ARM64.Build.0 = Release|ARM64
		{41DFDD0B-5604-4994-ABCC-C2B270BF0FD2}.Release|ARM64.Deploy.0 = Release|ARM64
		{41DFDD0B-5604-4994-ABCC-C2B270BF0FD2}.Release|x64.ActiveCfg = Release|x64
		{41DFDD0B-5604-4994-ABCC-C2B270BF0FD2}.Release|x64.Build.0 = Release|x64
		{41DFDD0B-5604-4994-ABCC-C2B270BF0FD2}.Release|x64.Deploy.0 = Release|x64
		{41DFDD0B-5604-4994-ABCC-C2B270BF0FD2}.Release|x86.ActiveCfg = Release|Win32
		{41DFDD0B-5604-4994-ABCC-C2B270BF0FD2}.Release|x86.Build.0 = Release|Win32
		{41DFDD0B-5604-4994-ABCC-C2B270BF0FD2}.Release|x86.Deploy.0 = Release|Win32
		{7EE45B6A-F23C-4137-A569-FD10E511D413}.Debug|ARM.ActiveCfg = Debug|ARM
		{7EE45B6A-F23C-4137-A569-FD10E511D413}.Debug|ARM.Build.0 = Debug|ARM
		{7EE45B6A-F23C-4137-A569-FD10E511D413}.Debug|ARM.Deploy.0 = Debug|ARM
		{7EE45B6A-F23C-4137-A569-FD10E511D413}.Debug|ARM64.ActiveCfg = Debug|ARM64
		{7EE45B6A-F23C-4137-A569-FD10E511D413}.Debug|ARM64.Build.0 = Debug|ARM64
		{7EE45B6A-F23C-4137-A569-FD10E511D413}.Debug|ARM64.Deploy.0 = Debug|ARM64
		{7EE45B6A-F23C-4137-A569-FD10E511D413}.Debug|x64.ActiveCfg = Debug|x64
		{7EE45B6A-F23C-4137-A569-FD10E511D413}.Debug|x64.Build.0 = Debug|x64
		{7EE45B6A-F23C-4137-A569-FD10E511D413}.Debug|x64.Deploy.0 = Debug|x64
		{7EE45B6A-F23C-4137-A569-FD10E511D413}.Debug|x86.ActiveCfg = Debug|Win32
		{7EE45B6A-F23C-4137-A569-FD10E511D413}.Debug|x86.Build.0 = Debug|Win32
		{7EE45B6A-F23C-4137-A569-FD10E511D413}.Debug|x86.Deploy.0 = Debug|Win32
		{7EE45B6A-F23C-4137-A569-FD10E511D413}.Release|ARM.ActiveCfg = Release|ARM
		{7EE45B6A-F23C-4137-A569-FD10E511D413}.Release|ARM.Build.0 = Release|ARM
		{7EE45B6A-F23C-4137-A569-FD10E511D413}.Release|ARM.Deploy.0 = Release|ARM
		{7EE45B6A-F23C-4137-A569-FD10E511D413}.Release|ARM64.ActiveCfg = Release|ARM64
		{7EE45B6A-F23C-4137-A569-FD10E511D413}.Release|ARM64.Build.0 = Release|ARM64
		{7EE45B6A-F23C-4137-A569-FD10E511D413}.Release|ARM64.Deploy.0 = Release|ARM64
		{7EE45B6A-F23C-4137-A569-FD10E511D413}.Release|x64.ActiveCfg = Release|x64
		{7EE45B6A-F23C-4137-A569-FD10E511D413}.Release|x64.Build.0 = Release|x64
		{7EE45B6A-F23C-4137-A569-FD10E511D413}.Release|x64.Deploy.0 = Release|x64
		{7EE45B6A-F23C-4137-A569-FD10E511D413}.Release|x86.ActiveCfg = Release|Win32
		{7EE45B6A-F23C-4137-A569-FD10E511D413}.Release|x86.Build.0 = Release|Win32
		{7EE45B6A-F23C-4137-A569-FD10E511D413}.Release|x86.Deploy.0 = Release|Win32
	EndGlobalSection
	GlobalSection(SolutionProperties) = preSolution
		HideSolutionNode = FALSE
	EndGlobalSection
EndGlobal
